// !$*UTF8*$!
{
	archiveVersion = 1;
	classes = {
	};
	objectVersion = 46;
	objects = {

/* Begin PBXBuildFile section */
		523C3B1A19CF599C00896E45 /* UIColor.swift in Sources */ = {isa = PBXBuildFile; fileRef = 523C3B1919CF599C00896E45 /* UIColor.swift */; };
		52A3D61A19D01CE400EC7BFE /* DemoView.swift in Sources */ = {isa = PBXBuildFile; fileRef = 52A3D61919D01CE400EC7BFE /* DemoView.swift */; };
		52A8BE6619CEE2CF006C825F /* bird02.png in Resources */ = {isa = PBXBuildFile; fileRef = 52A8BE6019CEE2CF006C825F /* bird02.png */; };
		52A8BE6719CEE2CF006C825F /* bird01.png in Resources */ = {isa = PBXBuildFile; fileRef = 52A8BE6119CEE2CF006C825F /* bird01.png */; };
		52A8BE6819CEE2CF006C825F /* bird03.png in Resources */ = {isa = PBXBuildFile; fileRef = 52A8BE6219CEE2CF006C825F /* bird03.png */; };
		52A8BE6919CEE2CF006C825F /* bird04.png in Resources */ = {isa = PBXBuildFile; fileRef = 52A8BE6319CEE2CF006C825F /* bird04.png */; };
		52A8BE6A19CEE2CF006C825F /* bird05.png in Resources */ = {isa = PBXBuildFile; fileRef = 52A8BE6419CEE2CF006C825F /* bird05.png */; };
		52A8BE6B19CEE2CF006C825F /* bird06.png in Resources */ = {isa = PBXBuildFile; fileRef = 52A8BE6519CEE2CF006C825F /* bird06.png */; };
		52AE529419CC513700C0C918 /* Images.xcassets in Resources */ = {isa = PBXBuildFile; fileRef = 52AE529319CC513700C0C918 /* Images.xcassets */; };
		52AE52A319CC513700C0C918 /* UiViewControlsTests.swift in Sources */ = {isa = PBXBuildFile; fileRef = 52AE52A219CC513700C0C918 /* UiViewControlsTests.swift */; };
		52AE52C119CC555900C0C918 /* AppDelegate.swift in Sources */ = {isa = PBXBuildFile; fileRef = 52AE52BD19CC555900C0C918 /* AppDelegate.swift */; };
		52AE52C219CC555900C0C918 /* BootLogic.swift in Sources */ = {isa = PBXBuildFile; fileRef = 52AE52BE19CC555900C0C918 /* BootLogic.swift */; };
		52AE52C319CC555900C0C918 /* ConsoleScreen.swift in Sources */ = {isa = PBXBuildFile; fileRef = 52AE52BF19CC555900C0C918 /* ConsoleScreen.swift */; };
		52AE52C419CC555900C0C918 /* MainScreen.swift in Sources */ = {isa = PBXBuildFile; fileRef = 52AE52C019CC555900C0C918 /* MainScreen.swift */; };
		52AE52C719CC560C00C0C918 /* DemoUIView.swift in Sources */ = {isa = PBXBuildFile; fileRef = 52AE52C619CC560C00C0C918 /* DemoUIView.swift */; };
		52AE52C919CC659700C0C918 /* DemoControls.swift in Sources */ = {isa = PBXBuildFile; fileRef = 52AE52C819CC659700C0C918 /* DemoControls.swift */; };
		52AE52CB19CC716200C0C918 /* girl_with_autumn_leaves-wallpaper-2880x1800.jpg in Resources */ = {isa = PBXBuildFile; fileRef = 52AE52CA19CC716200C0C918 /* girl_with_autumn_leaves-wallpaper-2880x1800.jpg */; };
		52AE52DF19CC737200C0C918 /* campfire.png in Resources */ = {isa = PBXBuildFile; fileRef = 52AE52CD19CC737200C0C918 /* campfire.png */; };
		52AE52E019CC737200C0C918 /* campFire01.gif in Resources */ = {isa = PBXBuildFile; fileRef = 52AE52CE19CC737200C0C918 /* campFire01.gif */; };
		52AE52E119CC737200C0C918 /* campFire02.gif in Resources */ = {isa = PBXBuildFile; fileRef = 52AE52CF19CC737200C0C918 /* campFire02.gif */; };
		52AE52E219CC737200C0C918 /* campFire03.gif in Resources */ = {isa = PBXBuildFile; fileRef = 52AE52D019CC737200C0C918 /* campFire03.gif */; };
		52AE52E319CC737200C0C918 /* campFire04.gif in Resources */ = {isa = PBXBuildFile; fileRef = 52AE52D119CC737200C0C918 /* campFire04.gif */; };
		52AE52E419CC737200C0C918 /* campFire05.gif in Resources */ = {isa = PBXBuildFile; fileRef = 52AE52D219CC737200C0C918 /* campFire05.gif */; };
		52AE52E519CC737200C0C918 /* campFire06.gif in Resources */ = {isa = PBXBuildFile; fileRef = 52AE52D319CC737200C0C918 /* campFire06.gif */; };
		52AE52E619CC737200C0C918 /* campFire07.gif in Resources */ = {isa = PBXBuildFile; fileRef = 52AE52D419CC737200C0C918 /* campFire07.gif */; };
		52AE52E719CC737200C0C918 /* campFire08.gif in Resources */ = {isa = PBXBuildFile; fileRef = 52AE52D519CC737200C0C918 /* campFire08.gif */; };
		52AE52E819CC737200C0C918 /* campFire09.gif in Resources */ = {isa = PBXBuildFile; fileRef = 52AE52D619CC737200C0C918 /* campFire09.gif */; };
		52AE52E919CC737200C0C918 /* campFire10.gif in Resources */ = {isa = PBXBuildFile; fileRef = 52AE52D719CC737200C0C918 /* campFire10.gif */; };
		52AE52EA19CC737200C0C918 /* campFire11.gif in Resources */ = {isa = PBXBuildFile; fileRef = 52AE52D819CC737200C0C918 /* campFire11.gif */; };
		52AE52EB19CC737200C0C918 /* campFire12.gif in Resources */ = {isa = PBXBuildFile; fileRef = 52AE52D919CC737200C0C918 /* campFire12.gif */; };
		52AE52EC19CC737200C0C918 /* campFire13.gif in Resources */ = {isa = PBXBuildFile; fileRef = 52AE52DA19CC737200C0C918 /* campFire13.gif */; };
		52AE52ED19CC737200C0C918 /* campFire14.gif in Resources */ = {isa = PBXBuildFile; fileRef = 52AE52DB19CC737200C0C918 /* campFire14.gif */; };
		52AE52EE19CC737200C0C918 /* campFire15.gif in Resources */ = {isa = PBXBuildFile; fileRef = 52AE52DC19CC737200C0C918 /* campFire15.gif */; };
		52AE52EF19CC737200C0C918 /* campFire16.gif in Resources */ = {isa = PBXBuildFile; fileRef = 52AE52DD19CC737200C0C918 /* campFire16.gif */; };
		52AE52F019CC737200C0C918 /* campFire17.gif in Resources */ = {isa = PBXBuildFile; fileRef = 52AE52DE19CC737200C0C918 /* campFire17.gif */; };
		52AE52F219CC73E700C0C918 /* BonFire.swift in Sources */ = {isa = PBXBuildFile; fileRef = 52AE52F119CC73E700C0C918 /* BonFire.swift */; };
		52AE52F419CC77AC00C0C918 /* FlyingBird.swift in Sources */ = {isa = PBXBuildFile; fileRef = 52AE52F319CC77AC00C0C918 /* FlyingBird.swift */; };
/* End PBXBuildFile section */

/* Begin PBXContainerItemProxy section */
		52AE529D19CC513700C0C918 /* PBXContainerItemProxy */ = {
			isa = PBXContainerItemProxy;
			containerPortal = 52AE527F19CC513600C0C918 /* Project object */;
			proxyType = 1;
			remoteGlobalIDString = 52AE528619CC513600C0C918;
			remoteInfo = UiViewControls;
		};
/* End PBXContainerItemProxy section */

/* Begin PBXFileReference section */
		523C3B1919CF599C00896E45 /* UIColor.swift */ = {isa = PBXFileReference; fileEncoding = 4; lastKnownFileType = sourcecode.swift; path = UIColor.swift; sourceTree = "<group>"; };
		52A3D61919D01CE400EC7BFE /* DemoView.swift */ = {isa = PBXFileReference; fileEncoding = 4; lastKnownFileType = sourcecode.swift; path = DemoView.swift; sourceTree = "<group>"; };
		52A8BE6019CEE2CF006C825F /* bird02.png */ = {isa = PBXFileReference; lastKnownFileType = image.png; path = bird02.png; sourceTree = "<group>"; };
		52A8BE6119CEE2CF006C825F /* bird01.png */ = {isa = PBXFileReference; lastKnownFileType = image.png; path = bird01.png; sourceTree = "<group>"; };
		52A8BE6219CEE2CF006C825F /* bird03.png */ = {isa = PBXFileReference; lastKnownFileType = image.png; path = bird03.png; sourceTree = "<group>"; };
		52A8BE6319CEE2CF006C825F /* bird04.png */ = {isa = PBXFileReference; lastKnownFileType = image.png; path = bird04.png; sourceTree = "<group>"; };
		52A8BE6419CEE2CF006C825F /* bird05.png */ = {isa = PBXFileReference; lastKnownFileType = image.png; path = bird05.png; sourceTree = "<group>"; };
		52A8BE6519CEE2CF006C825F /* bird06.png */ = {isa = PBXFileReference; lastKnownFileType = image.png; path = bird06.png; sourceTree = "<group>"; };
		52AE528719CC513600C0C918 /* UiViewControls.app */ = {isa = PBXFileReference; explicitFileType = wrapper.application; includeInIndex = 0; path = UiViewControls.app; sourceTree = BUILT_PRODUCTS_DIR; };
		52AE528B19CC513600C0C918 /* Info.plist */ = {isa = PBXFileReference; lastKnownFileType = text.plist.xml; path = Info.plist; sourceTree = "<group>"; };
		52AE529319CC513700C0C918 /* Images.xcassets */ = {isa = PBXFileReference; lastKnownFileType = folder.assetcatalog; path = Images.xcassets; sourceTree = "<group>"; };
		52AE529C19CC513700C0C918 /* UiViewControlsTests.xctest */ = {isa = PBXFileReference; explicitFileType = wrapper.cfbundle; includeInIndex = 0; path = UiViewControlsTests.xctest; sourceTree = BUILT_PRODUCTS_DIR; };
		52AE52A119CC513700C0C918 /* Info.plist */ = {isa = PBXFileReference; lastKnownFileType = text.plist.xml; path = Info.plist; sourceTree = "<group>"; };
		52AE52A219CC513700C0C918 /* UiViewControlsTests.swift */ = {isa = PBXFileReference; lastKnownFileType = sourcecode.swift; path = UiViewControlsTests.swift; sourceTree = "<group>"; };
		52AE52BD19CC555900C0C918 /* AppDelegate.swift */ = {isa = PBXFileReference; fileEncoding = 4; lastKnownFileType = sourcecode.swift; name = AppDelegate.swift; path = "../../../Techmaster/Day08/DemoClass-5/DemoClass/AppDelegate.swift"; sourceTree = "<group>"; };
		52AE52BE19CC555900C0C918 /* BootLogic.swift */ = {isa = PBXFileReference; fileEncoding = 4; lastKnownFileType = sourcecode.swift; name = BootLogic.swift; path = "../../../Techmaster/Day08/DemoClass-5/DemoClass/BootLogic.swift"; sourceTree = "<group>"; };
		52AE52BF19CC555900C0C918 /* ConsoleScreen.swift */ = {isa = PBXFileReference; fileEncoding = 4; lastKnownFileType = sourcecode.swift; name = ConsoleScreen.swift; path = "../../../Techmaster/Day08/DemoClass-5/DemoClass/ConsoleScreen.swift"; sourceTree = "<group>"; };
		52AE52C019CC555900C0C918 /* MainScreen.swift */ = {isa = PBXFileReference; fileEncoding = 4; lastKnownFileType = sourcecode.swift; name = MainScreen.swift; path = "../../../Techmaster/Day08/DemoClass-5/DemoClass/MainScreen.swift"; sourceTree = "<group>"; };
		52AE52C619CC560C00C0C918 /* DemoUIView.swift */ = {isa = PBXFileReference; fileEncoding = 4; lastKnownFileType = sourcecode.swift; path = DemoUIView.swift; sourceTree = "<group>"; };
		52AE52C819CC659700C0C918 /* DemoControls.swift */ = {isa = PBXFileReference; fileEncoding = 4; lastKnownFileType = sourcecode.swift; path = DemoControls.swift; sourceTree = "<group>"; };
		52AE52CA19CC716200C0C918 /* girl_with_autumn_leaves-wallpaper-2880x1800.jpg */ = {isa = PBXFileReference; lastKnownFileType = image.jpeg; name = "girl_with_autumn_leaves-wallpaper-2880x1800.jpg"; path = "../../../Techmaster/girl_with_autumn_leaves-wallpaper-2880x1800.jpg"; sourceTree = "<group>"; };
		52AE52CD19CC737200C0C918 /* campfire.png */ = {isa = PBXFileReference; lastKnownFileType = image.png; path = campfire.png; sourceTree = "<group>"; };
		52AE52CE19CC737200C0C918 /* campFire01.gif */ = {isa = PBXFileReference; lastKnownFileType = image.gif; path = campFire01.gif; sourceTree = "<group>"; };
		52AE52CF19CC737200C0C918 /* campFire02.gif */ = {isa = PBXFileReference; lastKnownFileType = image.gif; path = campFire02.gif; sourceTree = "<group>"; };
		52AE52D019CC737200C0C918 /* campFire03.gif */ = {isa = PBXFileReference; lastKnownFileType = image.gif; path = campFire03.gif; sourceTree = "<group>"; };
		52AE52D119CC737200C0C918 /* campFire04.gif */ = {isa = PBXFileReference; lastKnownFileType = image.gif; path = campFire04.gif; sourceTree = "<group>"; };
		52AE52D219CC737200C0C918 /* campFire05.gif */ = {isa = PBXFileReference; lastKnownFileType = image.gif; path = campFire05.gif; sourceTree = "<group>"; };
		52AE52D319CC737200C0C918 /* campFire06.gif */ = {isa = PBXFileReference; lastKnownFileType = image.gif; path = campFire06.gif; sourceTree = "<group>"; };
		52AE52D419CC737200C0C918 /* campFire07.gif */ = {isa = PBXFileReference; lastKnownFileType = image.gif; path = campFire07.gif; sourceTree = "<group>"; };
		52AE52D519CC737200C0C918 /* campFire08.gif */ = {isa = PBXFileReference; lastKnownFileType = image.gif; path = campFire08.gif; sourceTree = "<group>"; };
		52AE52D619CC737200C0C918 /* campFire09.gif */ = {isa = PBXFileReference; lastKnownFileType = image.gif; path = campFire09.gif; sourceTree = "<group>"; };
		52AE52D719CC737200C0C918 /* campFire10.gif */ = {isa = PBXFileReference; lastKnownFileType = image.gif; path = campFire10.gif; sourceTree = "<group>"; };
		52AE52D819CC737200C0C918 /* campFire11.gif */ = {isa = PBXFileReference; lastKnownFileType = image.gif; path = campFire11.gif; sourceTree = "<group>"; };
		52AE52D919CC737200C0C918 /* campFire12.gif */ = {isa = PBXFileReference; lastKnownFileType = image.gif; path = campFire12.gif; sourceTree = "<group>"; };
		52AE52DA19CC737200C0C918 /* campFire13.gif */ = {isa = PBXFileReference; lastKnownFileType = image.gif; path = campFire13.gif; sourceTree = "<group>"; };
		52AE52DB19CC737200C0C918 /* campFire14.gif */ = {isa = PBXFileReference; lastKnownFileType = image.gif; path = campFire14.gif; sourceTree = "<group>"; };
		52AE52DC19CC737200C0C918 /* campFire15.gif */ = {isa = PBXFileReference; lastKnownFileType = image.gif; path = campFire15.gif; sourceTree = "<group>"; };
		52AE52DD19CC737200C0C918 /* campFire16.gif */ = {isa = PBXFileReference; lastKnownFileType = image.gif; path = campFire16.gif; sourceTree = "<group>"; };
		52AE52DE19CC737200C0C918 /* campFire17.gif */ = {isa = PBXFileReference; lastKnownFileType = image.gif; path = campFire17.gif; sourceTree = "<group>"; };
		52AE52F119CC73E700C0C918 /* BonFire.swift */ = {isa = PBXFileReference; fileEncoding = 4; lastKnownFileType = sourcecode.swift; path = BonFire.swift; sourceTree = "<group>"; };
		52AE52F319CC77AC00C0C918 /* FlyingBird.swift */ = {isa = PBXFileReference; fileEncoding = 4; lastKnownFileType = sourcecode.swift; path = FlyingBird.swift; sourceTree = "<group>"; };
/* End PBXFileReference section */

/* Begin PBXFrameworksBuildPhase section */
		52AE528419CC513600C0C918 /* Frameworks */ = {
			isa = PBXFrameworksBuildPhase;
			buildActionMask = 2147483647;
			files = (
			);
			runOnlyForDeploymentPostprocessing = 0;
		};
		52AE529919CC513700C0C918 /* Frameworks */ = {
			isa = PBXFrameworksBuildPhase;
			buildActionMask = 2147483647;
			files = (
			);
			runOnlyForDeploymentPostprocessing = 0;
		};
/* End PBXFrameworksBuildPhase section */

/* Begin PBXGroup section */
		52AE527E19CC513600C0C918 = {
			isa = PBXGroup;
			children = (
				52AE528919CC513600C0C918 /* UiViewControls */,
				52AE529F19CC513700C0C918 /* UiViewControlsTests */,
				52AE528819CC513600C0C918 /* Products */,
			);
			sourceTree = "<group>";
		};
		52AE528819CC513600C0C918 /* Products */ = {
			isa = PBXGroup;
			children = (
				52AE528719CC513600C0C918 /* UiViewControls.app */,
				52AE529C19CC513700C0C918 /* UiViewControlsTests.xctest */,
			);
			name = Products;
			sourceTree = "<group>";
		};
		52AE528919CC513600C0C918 /* UiViewControls */ = {
			isa = PBXGroup;
			children = (
				52AE52AC19CC516A00C0C918 /* Core */,
				52AE529319CC513700C0C918 /* Images.xcassets */,
				52AE528A19CC513600C0C918 /* Supporting Files */,
			);
			path = UiViewControls;
			sourceTree = "<group>";
		};
		52AE528A19CC513600C0C918 /* Supporting Files */ = {
			isa = PBXGroup;
			children = (
				52AE528B19CC513600C0C918 /* Info.plist */,
			);
			name = "Supporting Files";
			sourceTree = "<group>";
		};
		52AE529F19CC513700C0C918 /* UiViewControlsTests */ = {
			isa = PBXGroup;
			children = (
				52AE52A219CC513700C0C918 /* UiViewControlsTests.swift */,
				52AE52A019CC513700C0C918 /* Supporting Files */,
			);
			path = UiViewControlsTests;
			sourceTree = "<group>";
		};
		52AE52A019CC513700C0C918 /* Supporting Files */ = {
			isa = PBXGroup;
			children = (
				52AE52A119CC513700C0C918 /* Info.plist */,
			);
			name = "Supporting Files";
			sourceTree = "<group>";
		};
		52AE52AC19CC516A00C0C918 /* Core */ = {
			isa = PBXGroup;
			children = (
				52AE52BD19CC555900C0C918 /* AppDelegate.swift */,
				52AE52BE19CC555900C0C918 /* BootLogic.swift */,
				52AE52BF19CC555900C0C918 /* ConsoleScreen.swift */,
				52AE52C019CC555900C0C918 /* MainScreen.swift */,
				52AE52F119CC73E700C0C918 /* BonFire.swift */,
				52AE52F519CC77BC00C0C918 /* Flyingbird */,
				52AE52CC19CC731F00C0C918 /* Images */,
				52AE52C519CC55E700C0C918 /* Basic */,
				523C3B1919CF599C00896E45 /* UIColor.swift */,
				52A3D61919D01CE400EC7BFE /* DemoView.swift */,
			);
			name = Core;
			sourceTree = "<group>";
		};
		52AE52C519CC55E700C0C918 /* Basic */ = {
			isa = PBXGroup;
			children = (
				52AE52C619CC560C00C0C918 /* DemoUIView.swift */,
				52AE52C819CC659700C0C918 /* DemoControls.swift */,
				52AE52CA19CC716200C0C918 /* girl_with_autumn_leaves-wallpaper-2880x1800.jpg */,
			);
			name = Basic;
			sourceTree = "<group>";
		};
		52AE52CC19CC731F00C0C918 /* Images */ = {
			isa = PBXGroup;
			children = (
				52AE52CD19CC737200C0C918 /* campfire.png */,
				52AE52CE19CC737200C0C918 /* campFire01.gif */,
				52AE52CF19CC737200C0C918 /* campFire02.gif */,
				52AE52D019CC737200C0C918 /* campFire03.gif */,
				52AE52D119CC737200C0C918 /* campFire04.gif */,
				52AE52D219CC737200C0C918 /* campFire05.gif */,
				52AE52D319CC737200C0C918 /* campFire06.gif */,
				52AE52D419CC737200C0C918 /* campFire07.gif */,
				52AE52D519CC737200C0C918 /* campFire08.gif */,
				52AE52D619CC737200C0C918 /* campFire09.gif */,
				52AE52D719CC737200C0C918 /* campFire10.gif */,
				52AE52D819CC737200C0C918 /* campFire11.gif */,
				52AE52D919CC737200C0C918 /* campFire12.gif */,
				52AE52DA19CC737200C0C918 /* campFire13.gif */,
				52AE52DB19CC737200C0C918 /* campFire14.gif */,
				52AE52DC19CC737200C0C918 /* campFire15.gif */,
				52AE52DD19CC737200C0C918 /* campFire16.gif */,
				52AE52DE19CC737200C0C918 /* campFire17.gif */,
			);
			name = Images;
			sourceTree = "<group>";
		};
		52AE52F519CC77BC00C0C918 /* Flyingbird */ = {
			isa = PBXGroup;
			children = (
				52A8BE6019CEE2CF006C825F /* bird02.png */,
				52A8BE6119CEE2CF006C825F /* bird01.png */,
				52A8BE6219CEE2CF006C825F /* bird03.png */,
				52A8BE6319CEE2CF006C825F /* bird04.png */,
				52A8BE6419CEE2CF006C825F /* bird05.png */,
				52A8BE6519CEE2CF006C825F /* bird06.png */,
				52AE52F319CC77AC00C0C918 /* FlyingBird.swift */,
			);
			name = Flyingbird;
			sourceTree = "<group>";
		};
/* End PBXGroup section */

/* Begin PBXNativeTarget section */
		52AE528619CC513600C0C918 /* UiViewControls */ = {
			isa = PBXNativeTarget;
			buildConfigurationList = 52AE52A619CC513700C0C918 /* Build configuration list for PBXNativeTarget "UiViewControls" */;
			buildPhases = (
				52AE528319CC513600C0C918 /* Sources */,
				52AE528419CC513600C0C918 /* Frameworks */,
				52AE528519CC513600C0C918 /* Resources */,
			);
			buildRules = (
			);
			dependencies = (
			);
			name = UiViewControls;
			productName = UiViewControls;
			productReference = 52AE528719CC513600C0C918 /* UiViewControls.app */;
			productType = "com.apple.product-type.application";
		};
		52AE529B19CC513700C0C918 /* UiViewControlsTests */ = {
			isa = PBXNativeTarget;
			buildConfigurationList = 52AE52A919CC513700C0C918 /* Build configuration list for PBXNativeTarget "UiViewControlsTests" */;
			buildPhases = (
				52AE529819CC513700C0C918 /* Sources */,
				52AE529919CC513700C0C918 /* Frameworks */,
				52AE529A19CC513700C0C918 /* Resources */,
			);
			buildRules = (
			);
			dependencies = (
				52AE529E19CC513700C0C918 /* PBXTargetDependency */,
			);
			name = UiViewControlsTests;
			productName = UiViewControlsTests;
			productReference = 52AE529C19CC513700C0C918 /* UiViewControlsTests.xctest */;
			productType = "com.apple.product-type.bundle.unit-test";
		};
/* End PBXNativeTarget section */

/* Begin PBXProject section */
		52AE527F19CC513600C0C918 /* Project object */ = {
			isa = PBXProject;
			attributes = {
				LastUpgradeCheck = 0600;
				ORGANIZATIONNAME = CiViet;
				TargetAttributes = {
					52AE528619CC513600C0C918 = {
						CreatedOnToolsVersion = 6.0;
					};
					52AE529B19CC513700C0C918 = {
						CreatedOnToolsVersion = 6.0;
						TestTargetID = 52AE528619CC513600C0C918;
					};
				};
			};
			buildConfigurationList = 52AE528219CC513600C0C918 /* Build configuration list for PBXProject "UiViewControls" */;
			compatibilityVersion = "Xcode 3.2";
			developmentRegion = English;
			hasScannedForEncodings = 0;
			knownRegions = (
				en,
				Base,
			);
			mainGroup = 52AE527E19CC513600C0C918;
			productRefGroup = 52AE528819CC513600C0C918 /* Products */;
			projectDirPath = "";
			projectRoot = "";
			targets = (
				52AE528619CC513600C0C918 /* UiViewControls */,
				52AE529B19CC513700C0C918 /* UiViewControlsTests */,
			);
		};
/* End PBXProject section */

/* Begin PBXResourcesBuildPhase section */
		52AE528519CC513600C0C918 /* Resources */ = {
			isa = PBXResourcesBuildPhase;
			buildActionMask = 2147483647;
			files = (
				52AE52E619CC737200C0C918 /* campFire07.gif in Resources */,
				52AE52E119CC737200C0C918 /* campFire02.gif in Resources */,
				52AE52E819CC737200C0C918 /* campFire09.gif in Resources */,
				52AE52ED19CC737200C0C918 /* campFire14.gif in Resources */,
				52AE52CB19CC716200C0C918 /* girl_with_autumn_leaves-wallpaper-2880x1800.jpg in Resources */,
				52AE52F019CC737200C0C918 /* campFire17.gif in Resources */,
				52AE52E219CC737200C0C918 /* campFire03.gif in Resources */,
				52AE529419CC513700C0C918 /* Images.xcassets in Resources */,
				52A8BE6B19CEE2CF006C825F /* bird06.png in Resources */,
				52AE52EE19CC737200C0C918 /* campFire15.gif in Resources */,
				52AE52E019CC737200C0C918 /* campFire01.gif in Resources */,
				52A8BE6919CEE2CF006C825F /* bird04.png in Resources */,
				52AE52E319CC737200C0C918 /* campFire04.gif in Resources */,
				52AE52E919CC737200C0C918 /* campFire10.gif in Resources */,
				52AE52E419CC737200C0C918 /* campFire05.gif in Resources */,
				52A8BE6719CEE2CF006C825F /* bird01.png in Resources */,
				52AE52EB19CC737200C0C918 /* campFire12.gif in Resources */,
				52AE52EF19CC737200C0C918 /* campFire16.gif in Resources */,
				52AE52E719CC737200C0C918 /* campFire08.gif in Resources */,
				52AE52EA19CC737200C0C918 /* campFire11.gif in Resources */,
				52AE52EC19CC737200C0C918 /* campFire13.gif in Resources */,
				52A8BE6819CEE2CF006C825F /* bird03.png in Resources */,
				52A8BE6619CEE2CF006C825F /* bird02.png in Resources */,
				52AE52DF19CC737200C0C918 /* campfire.png in Resources */,
				52A8BE6A19CEE2CF006C825F /* bird05.png in Resources */,
				52AE52E519CC737200C0C918 /* campFire06.gif in Resources */,
			);
			runOnlyForDeploymentPostprocessing = 0;
		};
		52AE529A19CC513700C0C918 /* Resources */ = {
			isa = PBXResourcesBuildPhase;
			buildActionMask = 2147483647;
			files = (
			);
			runOnlyForDeploymentPostprocessing = 0;
		};
/* End PBXResourcesBuildPhase section */

/* Begin PBXSourcesBuildPhase section */
		52AE528319CC513600C0C918 /* Sources */ = {
			isa = PBXSourcesBuildPhase;
			buildActionMask = 2147483647;
			files = (
				52AE52F219CC73E700C0C918 /* BonFire.swift in Sources */,
				52AE52C719CC560C00C0C918 /* DemoUIView.swift in Sources */,
				52AE52C419CC555900C0C918 /* MainScreen.swift in Sources */,
				52A3D61A19D01CE400EC7BFE /* DemoView.swift in Sources */,
				52AE52C919CC659700C0C918 /* DemoControls.swift in Sources */,
				523C3B1A19CF599C00896E45 /* UIColor.swift in Sources */,
				52AE52C319CC555900C0C918 /* ConsoleScreen.swift in Sources */,
				52AE52F419CC77AC00C0C918 /* FlyingBird.swift in Sources */,
				52AE52C219CC555900C0C918 /* BootLogic.swift in Sources */,
				52AE52C119CC555900C0C918 /* AppDelegate.swift in Sources */,
			);
			runOnlyForDeploymentPostprocessing = 0;
		};
		52AE529819CC513700C0C918 /* Sources */ = {
			isa = PBXSourcesBuildPhase;
			buildActionMask = 2147483647;
			files = (
				52AE52A319CC513700C0C918 /* UiViewControlsTests.swift in Sources */,
			);
			runOnlyForDeploymentPostprocessing = 0;
		};
/* End PBXSourcesBuildPhase section */

/* Begin PBXTargetDependency section */
		52AE529E19CC513700C0C918 /* PBXTargetDependency */ = {
			isa = PBXTargetDependency;
			target = 52AE528619CC513600C0C918 /* UiViewControls */;
			targetProxy = 52AE529D19CC513700C0C918 /* PBXContainerItemProxy */;
		};
/* End PBXTargetDependency section */

/* Begin XCBuildConfiguration section */
		52AE52A419CC513700C0C918 /* Debug */ = {
			isa = XCBuildConfiguration;
			buildSettings = {
				ALWAYS_SEARCH_USER_PATHS = NO;
				CLANG_CXX_LANGUAGE_STANDARD = "gnu++0x";
				CLANG_CXX_LIBRARY = "libc++";
				CLANG_ENABLE_MODULES = YES;
				CLANG_ENABLE_OBJC_ARC = YES;
				CLANG_WARN_BOOL_CONVERSION = YES;
				CLANG_WARN_CONSTANT_CONVERSION = YES;
				CLANG_WARN_DIRECT_OBJC_ISA_USAGE = YES_ERROR;
				CLANG_WARN_EMPTY_BODY = YES;
				CLANG_WARN_ENUM_CONVERSION = YES;
				CLANG_WARN_INT_CONVERSION = YES;
				CLANG_WARN_OBJC_ROOT_CLASS = YES_ERROR;
				CLANG_WARN_UNREACHABLE_CODE = YES;
				CLANG_WARN__DUPLICATE_METHOD_MATCH = YES;
				"CODE_SIGN_IDENTITY[sdk=iphoneos*]" = "iPhone Developer";
				COPY_PHASE_STRIP = NO;
				ENABLE_STRICT_OBJC_MSGSEND = YES;
				GCC_C_LANGUAGE_STANDARD = gnu99;
				GCC_DYNAMIC_NO_PIC = NO;
				GCC_OPTIMIZATION_LEVEL = 0;
				GCC_PREPROCESSOR_DEFINITIONS = (
					"DEBUG=1",
					"$(inherited)",
				);
				GCC_SYMBOLS_PRIVATE_EXTERN = NO;
				GCC_WARN_64_TO_32_BIT_CONVERSION = YES;
				GCC_WARN_ABOUT_RETURN_TYPE = YES_ERROR;
				GCC_WARN_UNDECLARED_SELECTOR = YES;
				GCC_WARN_UNINITIALIZED_AUTOS = YES_AGGRESSIVE;
				GCC_WARN_UNUSED_FUNCTION = YES;
				GCC_WARN_UNUSED_VARIABLE = YES;
				IPHONEOS_DEPLOYMENT_TARGET = 8.0;
				MTL_ENABLE_DEBUG_INFO = YES;
				ONLY_ACTIVE_ARCH = YES;
				SDKROOT = iphoneos;
				SWIFT_OPTIMIZATION_LEVEL = "-Onone";
			};
			name = Debug;
		};
		52AE52A519CC513700C0C918 /* Release */ = {
			isa = XCBuildConfiguration;
			buildSettings = {
				ALWAYS_SEARCH_USER_PATHS = NO;
				CLANG_CXX_LANGUAGE_STANDARD = "gnu++0x";
				CLANG_CXX_LIBRARY = "libc++";
				CLANG_ENABLE_MODULES = YES;
				CLANG_ENABLE_OBJC_ARC = YES;
				CLANG_WARN_BOOL_CONVERSION = YES;
				CLANG_WARN_CONSTANT_CONVERSION = YES;
				CLANG_WARN_DIRECT_OBJC_ISA_USAGE = YES_ERROR;
				CLANG_WARN_EMPTY_BODY = YES;
				CLANG_WARN_ENUM_CONVERSION = YES;
				CLANG_WARN_INT_CONVERSION = YES;
				CLANG_WARN_OBJC_ROOT_CLASS = YES_ERROR;
				CLANG_WARN_UNREACHABLE_CODE = YES;
				CLANG_WARN__DUPLICATE_METHOD_MATCH = YES;
				"CODE_SIGN_IDENTITY[sdk=iphoneos*]" = "iPhone Developer";
				COPY_PHASE_STRIP = YES;
				ENABLE_NS_ASSERTIONS = NO;
				ENABLE_STRICT_OBJC_MSGSEND = YES;
				GCC_C_LANGUAGE_STANDARD = gnu99;
				GCC_WARN_64_TO_32_BIT_CONVERSION = YES;
				GCC_WARN_ABOUT_RETURN_TYPE = YES_ERROR;
				GCC_WARN_UNDECLARED_SELECTOR = YES;
				GCC_WARN_UNINITIALIZED_AUTOS = YES_AGGRESSIVE;
				GCC_WARN_UNUSED_FUNCTION = YES;
				GCC_WARN_UNUSED_VARIABLE = YES;
				IPHONEOS_DEPLOYMENT_TARGET = 8.0;
				MTL_ENABLE_DEBUG_INFO = NO;
				SDKROOT = iphoneos;
				VALIDATE_PRODUCT = YES;
			};
			name = Release;
		};
		52AE52A719CC513700C0C918 /* Debug */ = {
			isa = XCBuildConfiguration;
			buildSettings = {
				ASSETCATALOG_COMPILER_APPICON_NAME = AppIcon;
				INFOPLIST_FILE = UiViewControls/Info.plist;
				LD_RUNPATH_SEARCH_PATHS = "$(inherited) @executable_path/Frameworks";
				PRODUCT_NAME = "$(TARGET_NAME)";
			};
			name = Debug;
		};
		52AE52A819CC513700C0C918 /* Release */ = {
			isa = XCBuildConfiguration;
			buildSettings = {
				ASSETCATALOG_COMPILER_APPICON_NAME = AppIcon;
				INFOPLIST_FILE = UiViewControls/Info.plist;
				LD_RUNPATH_SEARCH_PATHS = "$(inherited) @executable_path/Frameworks";
				PRODUCT_NAME = "$(TARGET_NAME)";
			};
			name = Release;
		};
		52AE52AA19CC513700C0C918 /* Debug */ = {
			isa = XCBuildConfiguration;
			buildSettings = {
				BUNDLE_LOADER = "$(TEST_HOST)";
				FRAMEWORK_SEARCH_PATHS = (
					"$(SDKROOT)/Developer/Library/Frameworks",
					"$(inherited)",
				);
				GCC_PREPROCESSOR_DEFINITIONS = (
					"DEBUG=1",
					"$(inherited)",
				);
				INFOPLIST_FILE = UiViewControlsTests/Info.plist;
				LD_RUNPATH_SEARCH_PATHS = "$(inherited) @executable_path/Frameworks @loader_path/Frameworks";
				PRODUCT_NAME = "$(TARGET_NAME)";
				TEST_HOST = "$(BUILT_PRODUCTS_DIR)/UiViewControls.app/UiViewControls";
			};
			name = Debug;
		};
		52AE52AB19CC513700C0C918 /* Release */ = {
			isa = XCBuildConfiguration;
			buildSettings = {
				BUNDLE_LOADER = "$(TEST_HOST)";
				FRAMEWORK_SEARCH_PATHS = (
					"$(SDKROOT)/Developer/Library/Frameworks",
					"$(inherited)",
				);
				INFOPLIST_FILE = UiViewControlsTests/Info.plist;
				LD_RUNPATH_SEARCH_PATHS = "$(inherited) @executable_path/Frameworks @loader_path/Frameworks";
				PRODUCT_NAME = "$(TARGET_NAME)";
				TEST_HOST = "$(BUILT_PRODUCTS_DIR)/UiViewControls.app/UiViewControls";
			};
			name = Release;
		};
/* End XCBuildConfiguration section */

/* Begin XCConfigurationList section */
		52AE528219CC513600C0C918 /* Build configuration list for PBXProject "UiViewControls" */ = {
			isa = XCConfigurationList;
			buildConfigurations = (
				52AE52A419CC513700C0C918 /* Debug */,
				52AE52A519CC513700C0C918 /* Release */,
			);
			defaultConfigurationIsVisible = 0;
			defaultConfigurationName = Release;
		};
		52AE52A619CC513700C0C918 /* Build configuration list for PBXNativeTarget "UiViewControls" */ = {
			isa = XCConfigurationList;
			buildConfigurations = (
				52AE52A719CC513700C0C918 /* Debug */,
				52AE52A819CC513700C0C918 /* Release */,
			);
			defaultConfigurationIsVisible = 0;
			defaultConfigurationName = Release;
		};
		52AE52A919CC513700C0C918 /* Build configuration list for PBXNativeTarget "UiViewControlsTests" */ = {
			isa = XCConfigurationList;
			buildConfigurations = (
				52AE52AA19CC513700C0C918 /* Debug */,
				52AE52AB19CC513700C0C918 /* Release */,
			);
			defaultConfigurationIsVisible = 0;
			defaultConfigurationName = Release;
		};
/* End XCConfigurationList section */
	};
	rootObject = 52AE527F19CC513600C0C918 /* Project object */;
}
