// !$*UTF8*$!
{
	archiveVersion = 1;
	classes = {
	};
	objectVersion = 46;
	objects = {

/* Begin PBXBuildFile section */
		52AF0BD819BB7E5F00DE4224 /* Untitled.txt in Resources */ = {isa = PBXBuildFile; fileRef = 52AF0BD719BB7E5F00DE4224 /* Untitled.txt */; };
		52D34CC319BB59C8003ED514 /* ReadFile.swift in Sources */ = {isa = PBXBuildFile; fileRef = 52D34CC219BB59C8003ED514 /* ReadFile.swift */; };
		52D34D1C19BB787D003ED514 /* File.txt in Resources */ = {isa = PBXBuildFile; fileRef = 52D34D1B19BB787D003ED514 /* File.txt */; };
		E206527A19B9B4770017D0A3 /* PropertyDemo.swift in Sources */ = {isa = PBXBuildFile; fileRef = E206527919B9B4770017D0A3 /* PropertyDemo.swift */; };
		E206527C19B9BEFD0017D0A3 /* ProtocolDelegateDemo.swift in Sources */ = {isa = PBXBuildFile; fileRef = E206527B19B9BEFD0017D0A3 /* ProtocolDelegateDemo.swift */; };
		E29A182C19B09D7D00FD78A7 /* OptionalUnwrap.swift in Sources */ = {isa = PBXBuildFile; fileRef = E29A182B19B09D7D00FD78A7 /* OptionalUnwrap.swift */; };
		E2CE122C19A762F3008E72E8 /* AppDelegate.swift in Sources */ = {isa = PBXBuildFile; fileRef = E2CE122B19A762F3008E72E8 /* AppDelegate.swift */; };
		E2CE123119A762F3008E72E8 /* Main.storyboard in Resources */ = {isa = PBXBuildFile; fileRef = E2CE122F19A762F3008E72E8 /* Main.storyboard */; };
		E2CE123319A762F3008E72E8 /* Images.xcassets in Resources */ = {isa = PBXBuildFile; fileRef = E2CE123219A762F3008E72E8 /* Images.xcassets */; };
		E2CE123F19A762F3008E72E8 /* DemoClassTests.swift in Sources */ = {isa = PBXBuildFile; fileRef = E2CE123E19A762F3008E72E8 /* DemoClassTests.swift */; };
		E2CE124A19A7646C008E72E8 /* DemoShape.swift in Sources */ = {isa = PBXBuildFile; fileRef = E2CE124919A7646C008E72E8 /* DemoShape.swift */; };
		E2CE124E19A7653E008E72E8 /* Shape.swift in Sources */ = {isa = PBXBuildFile; fileRef = E2CE124D19A7653E008E72E8 /* Shape.swift */; };
		E2CE125019A76CC7008E72E8 /* Rectangle.swift in Sources */ = {isa = PBXBuildFile; fileRef = E2CE124F19A76CC7008E72E8 /* Rectangle.swift */; };
		E2CE125219A77129008E72E8 /* GenericVC.swift in Sources */ = {isa = PBXBuildFile; fileRef = E2CE125119A77129008E72E8 /* GenericVC.swift */; };
		E2CE125419A77BD8008E72E8 /* Triangle.swift in Sources */ = {isa = PBXBuildFile; fileRef = E2CE125319A77BD8008E72E8 /* Triangle.swift */; };
		E2CE125619A77D62008E72E8 /* Square.swift in Sources */ = {isa = PBXBuildFile; fileRef = E2CE125519A77D62008E72E8 /* Square.swift */; };
		E2CE125819A78369008E72E8 /* DemoPolymorphism.swift in Sources */ = {isa = PBXBuildFile; fileRef = E2CE125719A78369008E72E8 /* DemoPolymorphism.swift */; };
		E2CE125A19A7843D008E72E8 /* Circle.swift in Sources */ = {isa = PBXBuildFile; fileRef = E2CE125919A7843D008E72E8 /* Circle.swift */; };
		E2CE125C19A788BB008E72E8 /* DemoComposite.swift in Sources */ = {isa = PBXBuildFile; fileRef = E2CE125B19A788BB008E72E8 /* DemoComposite.swift */; };
		E2CE125F19A789C6008E72E8 /* Composite.swift in Sources */ = {isa = PBXBuildFile; fileRef = E2CE125E19A789C6008E72E8 /* Composite.swift */; };
		E2F305A519ACA98D00C78FB8 /* DemoStruct.swift in Sources */ = {isa = PBXBuildFile; fileRef = E2F305A419ACA98D00C78FB8 /* DemoStruct.swift */; };
/* End PBXBuildFile section */

/* Begin PBXContainerItemProxy section */
		E2CE123919A762F3008E72E8 /* PBXContainerItemProxy */ = {
			isa = PBXContainerItemProxy;
			containerPortal = E2CE121E19A762F2008E72E8 /* Project object */;
			proxyType = 1;
			remoteGlobalIDString = E2CE122519A762F3008E72E8;
			remoteInfo = DemoClass;
		};
/* End PBXContainerItemProxy section */

/* Begin PBXFileReference section */
		52AF0BD719BB7E5F00DE4224 /* Untitled.txt */ = {isa = PBXFileReference; fileEncoding = 4; lastKnownFileType = text; path = Untitled.txt; sourceTree = "<group>"; };
		52D34CC219BB59C8003ED514 /* ReadFile.swift */ = {isa = PBXFileReference; fileEncoding = 4; lastKnownFileType = sourcecode.swift; path = ReadFile.swift; sourceTree = "<group>"; };
		52D34D1B19BB787D003ED514 /* File.txt */ = {isa = PBXFileReference; fileEncoding = 4; lastKnownFileType = text; path = File.txt; sourceTree = "<group>"; };
		E206527919B9B4770017D0A3 /* PropertyDemo.swift */ = {isa = PBXFileReference; fileEncoding = 4; lastKnownFileType = sourcecode.swift; path = PropertyDemo.swift; sourceTree = "<group>"; };
		E206527B19B9BEFD0017D0A3 /* ProtocolDelegateDemo.swift */ = {isa = PBXFileReference; fileEncoding = 4; lastKnownFileType = sourcecode.swift; path = ProtocolDelegateDemo.swift; sourceTree = "<group>"; };
		E29A182B19B09D7D00FD78A7 /* OptionalUnwrap.swift */ = {isa = PBXFileReference; fileEncoding = 4; lastKnownFileType = sourcecode.swift; path = OptionalUnwrap.swift; sourceTree = "<group>"; };
		E2CE122619A762F3008E72E8 /* DemoClass.app */ = {isa = PBXFileReference; explicitFileType = wrapper.application; includeInIndex = 0; path = DemoClass.app; sourceTree = BUILT_PRODUCTS_DIR; };
		E2CE122A19A762F3008E72E8 /* Info.plist */ = {isa = PBXFileReference; lastKnownFileType = text.plist.xml; path = Info.plist; sourceTree = "<group>"; };
		E2CE122B19A762F3008E72E8 /* AppDelegate.swift */ = {isa = PBXFileReference; lastKnownFileType = sourcecode.swift; path = AppDelegate.swift; sourceTree = "<group>"; };
		E2CE123019A762F3008E72E8 /* Base */ = {isa = PBXFileReference; lastKnownFileType = file.storyboard; name = Base; path = Base.lproj/Main.storyboard; sourceTree = "<group>"; };
		E2CE123219A762F3008E72E8 /* Images.xcassets */ = {isa = PBXFileReference; lastKnownFileType = folder.assetcatalog; path = Images.xcassets; sourceTree = "<group>"; };
		E2CE123819A762F3008E72E8 /* DemoClassTests.xctest */ = {isa = PBXFileReference; explicitFileType = wrapper.cfbundle; includeInIndex = 0; path = DemoClassTests.xctest; sourceTree = BUILT_PRODUCTS_DIR; };
		E2CE123D19A762F3008E72E8 /* Info.plist */ = {isa = PBXFileReference; lastKnownFileType = text.plist.xml; path = Info.plist; sourceTree = "<group>"; };
		E2CE123E19A762F3008E72E8 /* DemoClassTests.swift */ = {isa = PBXFileReference; lastKnownFileType = sourcecode.swift; path = DemoClassTests.swift; sourceTree = "<group>"; };
		E2CE124919A7646C008E72E8 /* DemoShape.swift */ = {isa = PBXFileReference; fileEncoding = 4; lastKnownFileType = sourcecode.swift; path = DemoShape.swift; sourceTree = "<group>"; };
		E2CE124D19A7653E008E72E8 /* Shape.swift */ = {isa = PBXFileReference; fileEncoding = 4; lastKnownFileType = sourcecode.swift; path = Shape.swift; sourceTree = "<group>"; };
		E2CE124F19A76CC7008E72E8 /* Rectangle.swift */ = {isa = PBXFileReference; fileEncoding = 4; lastKnownFileType = sourcecode.swift; path = Rectangle.swift; sourceTree = "<group>"; };
		E2CE125119A77129008E72E8 /* GenericVC.swift */ = {isa = PBXFileReference; fileEncoding = 4; lastKnownFileType = sourcecode.swift; path = GenericVC.swift; sourceTree = "<group>"; };
		E2CE125319A77BD8008E72E8 /* Triangle.swift */ = {isa = PBXFileReference; fileEncoding = 4; lastKnownFileType = sourcecode.swift; path = Triangle.swift; sourceTree = "<group>"; };
		E2CE125519A77D62008E72E8 /* Square.swift */ = {isa = PBXFileReference; fileEncoding = 4; lastKnownFileType = sourcecode.swift; path = Square.swift; sourceTree = "<group>"; };
		E2CE125719A78369008E72E8 /* DemoPolymorphism.swift */ = {isa = PBXFileReference; fileEncoding = 4; lastKnownFileType = sourcecode.swift; path = DemoPolymorphism.swift; sourceTree = "<group>"; };
		E2CE125919A7843D008E72E8 /* Circle.swift */ = {isa = PBXFileReference; fileEncoding = 4; lastKnownFileType = sourcecode.swift; path = Circle.swift; sourceTree = "<group>"; };
		E2CE125B19A788BB008E72E8 /* DemoComposite.swift */ = {isa = PBXFileReference; fileEncoding = 4; lastKnownFileType = sourcecode.swift; path = DemoComposite.swift; sourceTree = "<group>"; };
		E2CE125E19A789C6008E72E8 /* Composite.swift */ = {isa = PBXFileReference; fileEncoding = 4; lastKnownFileType = sourcecode.swift; path = Composite.swift; sourceTree = "<group>"; };
		E2F305A419ACA98D00C78FB8 /* DemoStruct.swift */ = {isa = PBXFileReference; fileEncoding = 4; lastKnownFileType = sourcecode.swift; path = DemoStruct.swift; sourceTree = "<group>"; };
/* End PBXFileReference section */

/* Begin PBXFrameworksBuildPhase section */
		E2CE122319A762F3008E72E8 /* Frameworks */ = {
			isa = PBXFrameworksBuildPhase;
			buildActionMask = 2147483647;
			files = (
			);
			runOnlyForDeploymentPostprocessing = 0;
		};
		E2CE123519A762F3008E72E8 /* Frameworks */ = {
			isa = PBXFrameworksBuildPhase;
			buildActionMask = 2147483647;
			files = (
			);
			runOnlyForDeploymentPostprocessing = 0;
		};
/* End PBXFrameworksBuildPhase section */

/* Begin PBXGroup section */
		E2CE121D19A762F2008E72E8 = {
			isa = PBXGroup;
			children = (
				E2CE122819A762F3008E72E8 /* DemoClass */,
				E2CE123B19A762F3008E72E8 /* DemoClassTests */,
				E2CE122719A762F3008E72E8 /* Products */,
			);
			sourceTree = "<group>";
		};
		E2CE122719A762F3008E72E8 /* Products */ = {
			isa = PBXGroup;
			children = (
				E2CE122619A762F3008E72E8 /* DemoClass.app */,
				E2CE123819A762F3008E72E8 /* DemoClassTests.xctest */,
			);
			name = Products;
			sourceTree = "<group>";
		};
		E2CE122819A762F3008E72E8 /* DemoClass */ = {
			isa = PBXGroup;
			children = (
				E2CE122B19A762F3008E72E8 /* AppDelegate.swift */,
				E2CE125119A77129008E72E8 /* GenericVC.swift */,
				E2CE122F19A762F3008E72E8 /* Main.storyboard */,
				52D34D1B19BB787D003ED514 /* File.txt */,
				52D34CC219BB59C8003ED514 /* ReadFile.swift */,
				52AF0BD719BB7E5F00DE4224 /* Untitled.txt */,
				E2CE124819A763F4008E72E8 /* Shape */,
				E2CE125D19A789B2008E72E8 /* Composite */,
				E2F305A419ACA98D00C78FB8 /* DemoStruct.swift */,
				E29A182B19B09D7D00FD78A7 /* OptionalUnwrap.swift */,
				E206527919B9B4770017D0A3 /* PropertyDemo.swift */,
				E206527B19B9BEFD0017D0A3 /* ProtocolDelegateDemo.swift */,
				E2CE123219A762F3008E72E8 /* Images.xcassets */,
				E2CE122919A762F3008E72E8 /* Supporting Files */,
			);
			path = DemoClass;
			sourceTree = "<group>";
		};
		E2CE122919A762F3008E72E8 /* Supporting Files */ = {
			isa = PBXGroup;
			children = (
				E2CE122A19A762F3008E72E8 /* Info.plist */,
			);
			name = "Supporting Files";
			sourceTree = "<group>";
		};
		E2CE123B19A762F3008E72E8 /* DemoClassTests */ = {
			isa = PBXGroup;
			children = (
				E2CE123E19A762F3008E72E8 /* DemoClassTests.swift */,
				E2CE123C19A762F3008E72E8 /* Supporting Files */,
			);
			path = DemoClassTests;
			sourceTree = "<group>";
		};
		E2CE123C19A762F3008E72E8 /* Supporting Files */ = {
			isa = PBXGroup;
			children = (
				E2CE123D19A762F3008E72E8 /* Info.plist */,
			);
			name = "Supporting Files";
			sourceTree = "<group>";
		};
		E2CE124819A763F4008E72E8 /* Shape */ = {
			isa = PBXGroup;
			children = (
				E2CE124919A7646C008E72E8 /* DemoShape.swift */,
				E2CE124D19A7653E008E72E8 /* Shape.swift */,
				E2CE124F19A76CC7008E72E8 /* Rectangle.swift */,
				E2CE125319A77BD8008E72E8 /* Triangle.swift */,
				E2CE125519A77D62008E72E8 /* Square.swift */,
				E2CE125719A78369008E72E8 /* DemoPolymorphism.swift */,
				E2CE125919A7843D008E72E8 /* Circle.swift */,
			);
			name = Shape;
			sourceTree = "<group>";
		};
		E2CE125D19A789B2008E72E8 /* Composite */ = {
			isa = PBXGroup;
			children = (
				E2CE125B19A788BB008E72E8 /* DemoComposite.swift */,
				E2CE125E19A789C6008E72E8 /* Composite.swift */,
			);
			name = Composite;
			sourceTree = "<group>";
		};
/* End PBXGroup section */

/* Begin PBXNativeTarget section */
		E2CE122519A762F3008E72E8 /* DemoClass */ = {
			isa = PBXNativeTarget;
			buildConfigurationList = E2CE124219A762F3008E72E8 /* Build configuration list for PBXNativeTarget "DemoClass" */;
			buildPhases = (
				E2CE122219A762F3008E72E8 /* Sources */,
				E2CE122319A762F3008E72E8 /* Frameworks */,
				E2CE122419A762F3008E72E8 /* Resources */,
			);
			buildRules = (
			);
			dependencies = (
			);
			name = DemoClass;
			productName = DemoClass;
			productReference = E2CE122619A762F3008E72E8 /* DemoClass.app */;
			productType = "com.apple.product-type.application";
		};
		E2CE123719A762F3008E72E8 /* DemoClassTests */ = {
			isa = PBXNativeTarget;
			buildConfigurationList = E2CE124519A762F3008E72E8 /* Build configuration list for PBXNativeTarget "DemoClassTests" */;
			buildPhases = (
				E2CE123419A762F3008E72E8 /* Sources */,
				E2CE123519A762F3008E72E8 /* Frameworks */,
				E2CE123619A762F3008E72E8 /* Resources */,
			);
			buildRules = (
			);
			dependencies = (
				E2CE123A19A762F3008E72E8 /* PBXTargetDependency */,
			);
			name = DemoClassTests;
			productName = DemoClassTests;
			productReference = E2CE123819A762F3008E72E8 /* DemoClassTests.xctest */;
			productType = "com.apple.product-type.bundle.unit-test";
		};
/* End PBXNativeTarget section */

/* Begin PBXProject section */
		E2CE121E19A762F2008E72E8 /* Project object */ = {
			isa = PBXProject;
			attributes = {
				LastUpgradeCheck = 0600;
				ORGANIZATIONNAME = Techmaster;
				TargetAttributes = {
					E2CE122519A762F3008E72E8 = {
						CreatedOnToolsVersion = 6.0;
					};
					E2CE123719A762F3008E72E8 = {
						CreatedOnToolsVersion = 6.0;
						TestTargetID = E2CE122519A762F3008E72E8;
					};
				};
			};
			buildConfigurationList = E2CE122119A762F2008E72E8 /* Build configuration list for PBXProject "DemoClass" */;
			compatibilityVersion = "Xcode 3.2";
			developmentRegion = English;
			hasScannedForEncodings = 0;
			knownRegions = (
				en,
				Base,
			);
			mainGroup = E2CE121D19A762F2008E72E8;
			productRefGroup = E2CE122719A762F3008E72E8 /* Products */;
			projectDirPath = "";
			projectRoot = "";
			targets = (
				E2CE122519A762F3008E72E8 /* DemoClass */,
				E2CE123719A762F3008E72E8 /* DemoClassTests */,
			);
		};
/* End PBXProject section */

/* Begin PBXResourcesBuildPhase section */
		E2CE122419A762F3008E72E8 /* Resources */ = {
			isa = PBXResourcesBuildPhase;
			buildActionMask = 2147483647;
			files = (
				E2CE123119A762F3008E72E8 /* Main.storyboard in Resources */,
				52D34D1C19BB787D003ED514 /* File.txt in Resources */,
				E2CE123319A762F3008E72E8 /* Images.xcassets in Resources */,
				52AF0BD819BB7E5F00DE4224 /* Untitled.txt in Resources */,
			);
			runOnlyForDeploymentPostprocessing = 0;
		};
		E2CE123619A762F3008E72E8 /* Resources */ = {
			isa = PBXResourcesBuildPhase;
			buildActionMask = 2147483647;
			files = (
			);
			runOnlyForDeploymentPostprocessing = 0;
		};
/* End PBXResourcesBuildPhase section */

/* Begin PBXSourcesBuildPhase section */
		E2CE122219A762F3008E72E8 /* Sources */ = {
			isa = PBXSourcesBuildPhase;
			buildActionMask = 2147483647;
			files = (
				E2CE125219A77129008E72E8 /* GenericVC.swift in Sources */,
				E2CE125819A78369008E72E8 /* DemoPolymorphism.swift in Sources */,
				E2CE125A19A7843D008E72E8 /* Circle.swift in Sources */,
				E2CE125019A76CC7008E72E8 /* Rectangle.swift in Sources */,
				E206527C19B9BEFD0017D0A3 /* ProtocolDelegateDemo.swift in Sources */,
				52D34CC319BB59C8003ED514 /* ReadFile.swift in Sources */,
				E2CE124A19A7646C008E72E8 /* DemoShape.swift in Sources */,
				E29A182C19B09D7D00FD78A7 /* OptionalUnwrap.swift in Sources */,
				E2CE125619A77D62008E72E8 /* Square.swift in Sources */,
				E2CE125F19A789C6008E72E8 /* Composite.swift in Sources */,
				E2CE125C19A788BB008E72E8 /* DemoComposite.swift in Sources */,
				E2CE125419A77BD8008E72E8 /* Triangle.swift in Sources */,
				E2F305A519ACA98D00C78FB8 /* DemoStruct.swift in Sources */,
				E206527A19B9B4770017D0A3 /* PropertyDemo.swift in Sources */,
				E2CE122C19A762F3008E72E8 /* AppDelegate.swift in Sources */,
				E2CE124E19A7653E008E72E8 /* Shape.swift in Sources */,
			);
			runOnlyForDeploymentPostprocessing = 0;
		};
		E2CE123419A762F3008E72E8 /* Sources */ = {
			isa = PBXSourcesBuildPhase;
			buildActionMask = 2147483647;
			files = (
				E2CE123F19A762F3008E72E8 /* DemoClassTests.swift in Sources */,
			);
			runOnlyForDeploymentPostprocessing = 0;
		};
/* End PBXSourcesBuildPhase section */

/* Begin PBXTargetDependency section */
		E2CE123A19A762F3008E72E8 /* PBXTargetDependency */ = {
			isa = PBXTargetDependency;
			target = E2CE122519A762F3008E72E8 /* DemoClass */;
			targetProxy = E2CE123919A762F3008E72E8 /* PBXContainerItemProxy */;
		};
/* End PBXTargetDependency section */

/* Begin PBXVariantGroup section */
		E2CE122F19A762F3008E72E8 /* Main.storyboard */ = {
			isa = PBXVariantGroup;
			children = (
				E2CE123019A762F3008E72E8 /* Base */,
			);
			name = Main.storyboard;
			sourceTree = "<group>";
		};
/* End PBXVariantGroup section */

/* Begin XCBuildConfiguration section */
		E2CE124019A762F3008E72E8 /* Debug */ = {
			isa = XCBuildConfiguration;
			buildSettings = {
				ALWAYS_SEARCH_USER_PATHS = NO;
				CLANG_CXX_LANGUAGE_STANDARD = "gnu++0x";
				CLANG_CXX_LIBRARY = "libc++";
				CLANG_ENABLE_MODULES = YES;
				CLANG_ENABLE_OBJC_ARC = YES;
				CLANG_WARN_BOOL_CONVERSION = YES;
				CLANG_WARN_CONSTANT_CONVERSION = YES;
				CLANG_WARN_DIRECT_OBJC_ISA_USAGE = YES_ERROR;
				CLANG_WARN_EMPTY_BODY = YES;
				CLANG_WARN_ENUM_CONVERSION = YES;
				CLANG_WARN_INT_CONVERSION = YES;
				CLANG_WARN_OBJC_ROOT_CLASS = YES_ERROR;
				CLANG_WARN_UNREACHABLE_CODE = YES;
				CLANG_WARN__DUPLICATE_METHOD_MATCH = YES;
				"CODE_SIGN_IDENTITY[sdk=iphoneos*]" = "iPhone Developer";
				COPY_PHASE_STRIP = NO;
				ENABLE_STRICT_OBJC_MSGSEND = YES;
				GCC_C_LANGUAGE_STANDARD = gnu99;
				GCC_DYNAMIC_NO_PIC = NO;
				GCC_OPTIMIZATION_LEVEL = 0;
				GCC_PREPROCESSOR_DEFINITIONS = (
					"DEBUG=1",
					"$(inherited)",
				);
				GCC_SYMBOLS_PRIVATE_EXTERN = NO;
				GCC_WARN_64_TO_32_BIT_CONVERSION = YES;
				GCC_WARN_ABOUT_RETURN_TYPE = YES_ERROR;
				GCC_WARN_UNDECLARED_SELECTOR = YES;
				GCC_WARN_UNINITIALIZED_AUTOS = YES_AGGRESSIVE;
				GCC_WARN_UNUSED_FUNCTION = YES;
				GCC_WARN_UNUSED_VARIABLE = YES;
				IPHONEOS_DEPLOYMENT_TARGET = 8.0;
				MTL_ENABLE_DEBUG_INFO = YES;
				ONLY_ACTIVE_ARCH = YES;
				SDKROOT = iphoneos;
				SWIFT_OPTIMIZATION_LEVEL = "-Onone";
			};
			name = Debug;
		};
		E2CE124119A762F3008E72E8 /* Release */ = {
			isa = XCBuildConfiguration;
			buildSettings = {
				ALWAYS_SEARCH_USER_PATHS = NO;
				CLANG_CXX_LANGUAGE_STANDARD = "gnu++0x";
				CLANG_CXX_LIBRARY = "libc++";
				CLANG_ENABLE_MODULES = YES;
				CLANG_ENABLE_OBJC_ARC = YES;
				CLANG_WARN_BOOL_CONVERSION = YES;
				CLANG_WARN_CONSTANT_CONVERSION = YES;
				CLANG_WARN_DIRECT_OBJC_ISA_USAGE = YES_ERROR;
				CLANG_WARN_EMPTY_BODY = YES;
				CLANG_WARN_ENUM_CONVERSION = YES;
				CLANG_WARN_INT_CONVERSION = YES;
				CLANG_WARN_OBJC_ROOT_CLASS = YES_ERROR;
				CLANG_WARN_UNREACHABLE_CODE = YES;
				CLANG_WARN__DUPLICATE_METHOD_MATCH = YES;
				"CODE_SIGN_IDENTITY[sdk=iphoneos*]" = "iPhone Developer";
				COPY_PHASE_STRIP = YES;
				ENABLE_NS_ASSERTIONS = NO;
				ENABLE_STRICT_OBJC_MSGSEND = YES;
				GCC_C_LANGUAGE_STANDARD = gnu99;
				GCC_WARN_64_TO_32_BIT_CONVERSION = YES;
				GCC_WARN_ABOUT_RETURN_TYPE = YES_ERROR;
				GCC_WARN_UNDECLARED_SELECTOR = YES;
				GCC_WARN_UNINITIALIZED_AUTOS = YES_AGGRESSIVE;
				GCC_WARN_UNUSED_FUNCTION = YES;
				GCC_WARN_UNUSED_VARIABLE = YES;
				IPHONEOS_DEPLOYMENT_TARGET = 8.0;
				MTL_ENABLE_DEBUG_INFO = NO;
				SDKROOT = iphoneos;
				VALIDATE_PRODUCT = YES;
			};
			name = Release;
		};
		E2CE124319A762F3008E72E8 /* Debug */ = {
			isa = XCBuildConfiguration;
			buildSettings = {
				ASSETCATALOG_COMPILER_APPICON_NAME = AppIcon;
				ASSETCATALOG_COMPILER_LAUNCHIMAGE_NAME = LaunchImage;
				INFOPLIST_FILE = DemoClass/Info.plist;
				LD_RUNPATH_SEARCH_PATHS = "$(inherited) @executable_path/Frameworks";
				PRODUCT_NAME = "$(TARGET_NAME)";
			};
			name = Debug;
		};
		E2CE124419A762F3008E72E8 /* Release */ = {
			isa = XCBuildConfiguration;
			buildSettings = {
				ASSETCATALOG_COMPILER_APPICON_NAME = AppIcon;
				ASSETCATALOG_COMPILER_LAUNCHIMAGE_NAME = LaunchImage;
				INFOPLIST_FILE = DemoClass/Info.plist;
				LD_RUNPATH_SEARCH_PATHS = "$(inherited) @executable_path/Frameworks";
				PRODUCT_NAME = "$(TARGET_NAME)";
			};
			name = Release;
		};
		E2CE124619A762F3008E72E8 /* Debug */ = {
			isa = XCBuildConfiguration;
			buildSettings = {
				BUNDLE_LOADER = "$(TEST_HOST)";
				FRAMEWORK_SEARCH_PATHS = (
					"$(SDKROOT)/Developer/Library/Frameworks",
					"$(inherited)",
				);
				GCC_PREPROCESSOR_DEFINITIONS = (
					"DEBUG=1",
					"$(inherited)",
				);
				INFOPLIST_FILE = DemoClassTests/Info.plist;
				LD_RUNPATH_SEARCH_PATHS = "$(inherited) @executable_path/Frameworks @loader_path/Frameworks";
				PRODUCT_NAME = "$(TARGET_NAME)";
				TEST_HOST = "$(BUILT_PRODUCTS_DIR)/DemoClass.app/DemoClass";
			};
			name = Debug;
		};
		E2CE124719A762F3008E72E8 /* Release */ = {
			isa = XCBuildConfiguration;
			buildSettings = {
				BUNDLE_LOADER = "$(TEST_HOST)";
				FRAMEWORK_SEARCH_PATHS = (
					"$(SDKROOT)/Developer/Library/Frameworks",
					"$(inherited)",
				);
				INFOPLIST_FILE = DemoClassTests/Info.plist;
				LD_RUNPATH_SEARCH_PATHS = "$(inherited) @executable_path/Frameworks @loader_path/Frameworks";
				PRODUCT_NAME = "$(TARGET_NAME)";
				TEST_HOST = "$(BUILT_PRODUCTS_DIR)/DemoClass.app/DemoClass";
			};
			name = Release;
		};
/* End XCBuildConfiguration section */

/* Begin XCConfigurationList section */
		E2CE122119A762F2008E72E8 /* Build configuration list for PBXProject "DemoClass" */ = {
			isa = XCConfigurationList;
			buildConfigurations = (
				E2CE124019A762F3008E72E8 /* Debug */,
				E2CE124119A762F3008E72E8 /* Release */,
			);
			defaultConfigurationIsVisible = 0;
			defaultConfigurationName = Release;
		};
		E2CE124219A762F3008E72E8 /* Build configuration list for PBXNativeTarget "DemoClass" */ = {
			isa = XCConfigurationList;
			buildConfigurations = (
				E2CE124319A762F3008E72E8 /* Debug */,
				E2CE124419A762F3008E72E8 /* Release */,
			);
			defaultConfigurationIsVisible = 0;
			defaultConfigurationName = Release;
		};
		E2CE124519A762F3008E72E8 /* Build configuration list for PBXNativeTarget "DemoClassTests" */ = {
			isa = XCConfigurationList;
			buildConfigurations = (
				E2CE124619A762F3008E72E8 /* Debug */,
				E2CE124719A762F3008E72E8 /* Release */,
			);
			defaultConfigurationIsVisible = 0;
			defaultConfigurationName = Release;
		};
/* End XCConfigurationList section */
	};
	rootObject = E2CE121E19A762F2008E72E8 /* Project object */;
}
